
Microsoft Visual Studio Solution File, Format Version 12.00
# Visual Studio Version 17
VisualStudioVersion = 17.4.33122.133
MinimumVisualStudioVersion = 10.0.40219.1
Project("{FAE04EC0-301F-11D3-BF4B-00C04F79EFBC}") = "PdfCreate", "PdfCreate\PdfCreate.csproj", "{94EEE868-1594-4492-B214-FEBB80A608DC}"
EndProject
Global
	GlobalSection(SolutionConfigurationPlatforms) = preSolution
		Debug|Any CPU = Debug|Any CPU
		Release|Any CPU = Release|Any CPU
	EndGlobalSection
	GlobalSection(ProjectConfigurationPlatforms) = postSolution
		{94EEE868-1594-4492-B214-FEBB80A608DC}.Debug|Any CPU.ActiveCfg = Debug|Any CPU
		{94EEE868-1594-4492-B214-FEBB80A608DC}.Debug|Any CPU.Build.0 = Debug|Any CPU
		{94EEE868-1594-4492-B214-FEBB80A608DC}.Release|Any CPU.ActiveCfg = Release|Any CPU
		{94EEE868-1594-4492-B214-FEBB80A608DC}.Release|Any CPU.Build.0 = Release|Any CPU
	EndGlobalSection
	GlobalSection(SolutionProperties) = preSolution
		HideSolutionNode = FALSE
	EndGlobalSection
	GlobalSection(ExtensibilityGlobals) = postSolution
		SolutionGuid = {1319EC7C-FBC4-468D-AA7B-4BF7367F33EB}
	EndGlobalSection
EndGlobal
